id: geoscan_uhf_scrambler
label: GEOSCAN UHF Link Descrambler (CRC)
category: '[Soniks]/Scramblers'

inputs:
-   domain: message
    id: in

outputs:
-   domain: message
    id: good
-   domain: message
    id: bad

parameters:
- id: crc_selector
  label: CRC Check
  dtype: bool
  default: True

templates:
    imports: import soniks.scramblers
    make: soniks.scramblers.geoscan_uhf_scrambler(${crc_selector})

file_format: 1
