id: soniks_fengyun2_decoder
label: FengYun-2 S-VISSR2.0 Decoder
category: '[Soniks]/Packet Operations'

parameters:
- id: path
  label: Output Path
  dtype: raw
  default: '/home/user/'

inputs:
-   label: in
    dtype: byte
    vlen: 1

templates:
    imports: import soniks.packet_operations
    make: soniks.packet_operations.soniks_fengyun2_decoder(${path})

file_format: 1
