id: soniks_messages_skip_last
label: PDU Skip Last N Elements
category: '[Soniks]/Packet Operations'

parameters:
- id: skip
  label: Pass Bytes
  dtype: int
  default: '8'

inputs:
-   domain: message
    id: in

outputs:
-   domain: message
    id: out

templates:
    imports: import soniks.packet_operations
    make: soniks.packet_operations.soniks_messages_skip_last(${skip})

file_format: 1
